// !$*UTF8*$!
{
	archiveVersion = 1;
	classes = {
	};
	objectVersion = 46;
	objects = {

/* Begin PBXBuildFile section */
		C054A36F1CDCFBF3006145A1 /* AppDelegate.swift in Sources */ = {isa = PBXBuildFile; fileRef = C054A36E1CDCFBF3006145A1 /* AppDelegate.swift */; };
		C054A3711CDCFBF3006145A1 /* ViewController.swift in Sources */ = {isa = PBXBuildFile; fileRef = C054A3701CDCFBF3006145A1 /* ViewController.swift */; };
		C054A3741CDCFBF3006145A1 /* Main.storyboard in Resources */ = {isa = PBXBuildFile; fileRef = C054A3721CDCFBF3006145A1 /* Main.storyboard */; };
		C054A3761CDCFBF3006145A1 /* Assets.xcassets in Resources */ = {isa = PBXBuildFile; fileRef = C054A3751CDCFBF3006145A1 /* Assets.xcassets */; };
		C054A3791CDCFBF3006145A1 /* LaunchScreen.storyboard in Resources */ = {isa = PBXBuildFile; fileRef = C054A3771CDCFBF3006145A1 /* LaunchScreen.storyboard */; };
/* End PBXBuildFile section */

/* Begin PBXFileReference section */
		C054A36B1CDCFBF3006145A1 /* FunFacts.app */ = {isa = PBXFileReference; explicitFileType = wrapper.application; includeInIndex = 0; path = FunFacts.app; sourceTree = BUILT_PRODUCTS_DIR; };
		C054A36E1CDCFBF3006145A1 /* AppDelegate.swift */ = {isa = PBXFileReference; lastKnownFileType = sourcecode.swift; path = AppDelegate.swift; sourceTree = "<group>"; };
		C054A3701CDCFBF3006145A1 /* ViewController.swift */ = {isa = PBXFileReference; lastKnownFileType = sourcecode.swift; path = ViewController.swift; sourceTree = "<group>"; };
		C054A3731CDCFBF3006145A1 /* Base */ = {isa = PBXFileReference; lastKnownFileType = file.storyboard; name = Base; path = Base.lproj/Main.storyboard; sourceTree = "<group>"; };
		C054A3751CDCFBF3006145A1 /* Assets.xcassets */ = {isa = PBXFileReference; lastKnownFileType = folder.assetcatalog; path = Assets.xcassets; sourceTree = "<group>"; };
		C054A3781CDCFBF3006145A1 /* Base */ = {isa = PBXFileReference; lastKnownFileType = file.storyboard; name = Base; path = Base.lproj/LaunchScreen.storyboard; sourceTree = "<group>"; };
		C054A37A1CDCFBF3006145A1 /* Info.plist */ = {isa = PBXFileReference; lastKnownFileType = text.plist.xml; path = Info.plist; sourceTree = "<group>"; };
/* End PBXFileReference section */

/* Begin PBXFrameworksBuildPhase section */
		C054A3681CDCFBF3006145A1 /* Frameworks */ = {
			isa = PBXFrameworksBuildPhase;
			buildActionMask = 2147483647;
			files = (
			);
			runOnlyForDeploymentPostprocessing = 0;
		};
/* End PBXFrameworksBuildPhase section */

/* Begin PBXGroup section */
		C054A3621CDCFBF3006145A1 = {
			isa = PBXGroup;
			children = (
				C054A36D1CDCFBF3006145A1 /* FunFacts */,
				C054A36C1CDCFBF3006145A1 /* Products */,
			);
			sourceTree = "<group>";
		};
		C054A36C1CDCFBF3006145A1 /* Products */ = {
			isa = PBXGroup;
			children = (
				C054A36B1CDCFBF3006145A1 /* FunFacts.app */,
			);
			name = Products;
			sourceTree = "<group>";
		};
		C054A36D1CDCFBF3006145A1 /* FunFacts */ = {
			isa = PBXGroup;
			children = (
				C054A36E1CDCFBF3006145A1 /* AppDelegate.swift */,
				C054A3701CDCFBF3006145A1 /* ViewController.swift */,
				C054A3721CDCFBF3006145A1 /* Main.storyboard */,
				C054A3751CDCFBF3006145A1 /* Assets.xcassets */,
				C054A3771CDCFBF3006145A1 /* LaunchScreen.storyboard */,
				C054A37A1CDCFBF3006145A1 /* Info.plist */,
			);
			path = FunFacts;
			sourceTree = "<group>";
		};
/* End PBXGroup section */

/* Begin PBXNativeTarget section */
		C054A36A1CDCFBF3006145A1 /* FunFacts */ = {
			isa = PBXNativeTarget;
			buildConfigurationList = C054A37D1CDCFBF3006145A1 /* Build configuration list for PBXNativeTarget "FunFacts" */;
			buildPhases = (
				C054A3671CDCFBF3006145A1 /* Sources */,
				C054A3681CDCFBF3006145A1 /* Frameworks */,
				C054A3691CDCFBF3006145A1 /* Resources */,
			);
			buildRules = (
			);
			dependencies = (
			);
			name = FunFacts;
			productName = FunFacts;
			productReference = C054A36B1CDCFBF3006145A1 /* FunFacts.app */;
			productType = "com.apple.product-type.application";
		};
/* End PBXNativeTarget section */

/* Begin PBXProject section */
		C054A3631CDCFBF3006145A1 /* Project object */ = {
			isa = PBXProject;
			attributes = {
				LastSwiftUpdateCheck = 0720;
				LastUpgradeCheck = 0720;
				ORGANIZATIONNAME = "Sergelenbaatar Tsogtbaatar";
				TargetAttributes = {
					C054A36A1CDCFBF3006145A1 = {
						CreatedOnToolsVersion = 7.2.1;
					};
				};
			};
			buildConfigurationList = C054A3661CDCFBF3006145A1 /* Build configuration list for PBXProject "FunFacts" */;
			compatibilityVersion = "Xcode 3.2";
			developmentRegion = English;
			hasScannedForEncodings = 0;
			knownRegions = (
				en,
				Base,
			);
			mainGroup = C054A3621CDCFBF3006145A1;
			productRefGroup = C054A36C1CDCFBF3006145A1 /* Products */;
			projectDirPath = "";
			projectRoot = "";
			targets = (
				C054A36A1CDCFBF3006145A1 /* FunFacts */,
			);
		};
/* End PBXProject section */

/* Begin PBXResourcesBuildPhase section */
		C054A3691CDCFBF3006145A1 /* Resources */ = {
			isa = PBXResourcesBuildPhase;
			buildActionMask = 2147483647;
			files = (
				C054A3791CDCFBF3006145A1 /* LaunchScreen.storyboard in Resources */,
				C054A3761CDCFBF3006145A1 /* Assets.xcassets in Resources */,
				C054A3741CDCFBF3006145A1 /* Main.storyboard in Resources */,
			);
			runOnlyForDeploymentPostprocessing = 0;
		};
/* End PBXResourcesBuildPhase section */

/* Begin PBXSourcesBuildPhase section */
		C054A3671CDCFBF3006145A1 /* Sources */ = {
			isa = PBXSourcesBuildPhase;
			buildActionMask = 2147483647;
			files = (
				C054A3711CDCFBF3006145A1 /* ViewController.swift in Sources */,
				C054A36F1CDCFBF3006145A1 /* AppDelegate.swift in Sources */,
			);
			runOnlyForDeploymentPostprocessing = 0;
		};
/* End PBXSourcesBuildPhase section */

/* Begin PBXVariantGroup section */
		C054A3721CDCFBF3006145A1 /* Main.storyboard */ = {
			isa = PBXVariantGroup;
			children = (
				C054A3731CDCFBF3006145A1 /* Base */,
			);
			name = Main.storyboard;
			sourceTree = "<group>";
		};
		C054A3771CDCFBF3006145A1 /* LaunchScreen.storyboard */ = {
			isa = PBXVariantGroup;
			children = (
				C054A3781CDCFBF3006145A1 /* Base */,
			);
			name = LaunchScreen.storyboard;
			sourceTree = "<group>";
		};
/* End PBXVariantGroup section */

/* Begin XCBuildConfiguration section */
		C054A37B1CDCFBF3006145A1 /* Debug */ = {
			isa = XCBuildConfiguration;
			buildSettings = {
				ALWAYS_SEARCH_USER_PATHS = NO;
				CLANG_CXX_LANGUAGE_STANDARD = "gnu++0x";
				CLANG_CXX_LIBRARY = "libc++";
				CLANG_ENABLE_MODULES = YES;
				CLANG_ENABLE_OBJC_ARC = YES;
				CLANG_WARN_BOOL_CONVERSION = YES;
				CLANG_WARN_CONSTANT_CONVERSION = YES;
				CLANG_WARN_DIRECT_OBJC_ISA_USAGE = YES_ERROR;
				CLANG_WARN_EMPTY_BODY = YES;
				CLANG_WARN_ENUM_CONVERSION = YES;
				CLANG_WARN_INT_CONVERSION = YES;
				CLANG_WARN_OBJC_ROOT_CLASS = YES_ERROR;
				CLANG_WARN_UNREACHABLE_CODE = YES;
				CLANG_WARN__DUPLICATE_METHOD_MATCH = YES;
				"CODE_SIGN_IDENTITY[sdk=iphoneos*]" = "iPhone Developer";
				COPY_PHASE_STRIP = NO;
				DEBUG_INFORMATION_FORMAT = dwarf;
				ENABLE_STRICT_OBJC_MSGSEND = YES;
				ENABLE_TESTABILITY = YES;
				GCC_C_LANGUAGE_STANDARD = gnu99;
				GCC_DYNAMIC_NO_PIC = NO;
				GCC_NO_COMMON_BLOCKS = YES;
				GCC_OPTIMIZATION_LEVEL = 0;
				GCC_PREPROCESSOR_DEFINITIONS = (
					"DEBUG=1",
					"$(inherited)",
				);
				GCC_WARN_64_TO_32_BIT_CONVERSION = YES;
				GCC_WARN_ABOUT_RETURN_TYPE = YES_ERROR;
				GCC_WARN_UNDECLARED_SELECTOR = YES;
				GCC_WARN_UNINITIALIZED_AUTOS = YES_AGGRESSIVE;
				GCC_WARN_UNUSED_FUNCTION = YES;
				GCC_WARN_UNUSED_VARIABLE = YES;
				IPHONEOS_DEPLOYMENT_TARGET = 9.2;
				MTL_ENABLE_DEBUG_INFO = YES;
				ONLY_ACTIVE_ARCH = YES;
				SDKROOT = iphoneos;
				SWIFT_OPTIMIZATION_LEVEL = "-Onone";
			};
			name = Debug;
		};
		C054A37C1CDCFBF3006145A1 /* Release */ = {
			isa = XCBuildConfiguration;
			buildSettings = {
				ALWAYS_SEARCH_USER_PATHS = NO;
				CLANG_CXX_LANGUAGE_STANDARD = "gnu++0x";
				CLANG_CXX_LIBRARY = "libc++";
				CLANG_ENABLE_MODULES = YES;
				CLANG_ENABLE_OBJC_ARC = YES;
				CLANG_WARN_BOOL_CONVERSION = YES;
				CLANG_WARN_CONSTANT_CONVERSION = YES;
				CLANG_WARN_DIRECT_OBJC_ISA_USAGE = YES_ERROR;
				CLANG_WARN_EMPTY_BODY = YES;
				CLANG_WARN_ENUM_CONVERSION = YES;
				CLANG_WARN_INT_CONVERSION = YES;
				CLANG_WARN_OBJC_ROOT_CLASS = YES_ERROR;
				CLANG_WARN_UNREACHABLE_CODE = YES;
				CLANG_WARN__DUPLICATE_METHOD_MATCH = YES;
				"CODE_SIGN_IDENTITY[sdk=iphoneos*]" = "iPhone Developer";
				COPY_PHASE_STRIP = NO;
				DEBUG_INFORMATION_FORMAT = "dwarf-with-dsym";
				ENABLE_NS_ASSERTIONS = NO;
				ENABLE_STRICT_OBJC_MSGSEND = YES;
				GCC_C_LANGUAGE_STANDARD = gnu99;
				GCC_NO_COMMON_BLOCKS = YES;
				GCC_WARN_64_TO_32_BIT_CONVERSION = YES;
				GCC_WARN_ABOUT_RETURN_TYPE = YES_ERROR;
				GCC_WARN_UNDECLARED_SELECTOR = YES;
				GCC_WARN_UNINITIALIZED_AUTOS = YES_AGGRESSIVE;
				GCC_WARN_UNUSED_FUNCTION = YES;
				GCC_WARN_UNUSED_VARIABLE = YES;
				IPHONEOS_DEPLOYMENT_TARGET = 9.2;
				MTL_ENABLE_DEBUG_INFO = NO;
				SDKROOT = iphoneos;
				VALIDATE_PRODUCT = YES;
			};
			name = Release;
		};
		C054A37E1CDCFBF3006145A1 /* Debug */ = {
			isa = XCBuildConfiguration;
			buildSettings = {
				ASSETCATALOG_COMPILER_APPICON_NAME = AppIcon;
				INFOPLIST_FILE = FunFacts/Info.plist;
				LD_RUNPATH_SEARCH_PATHS = "$(inherited) @executable_path/Frameworks";
				PRODUCT_BUNDLE_IDENTIFIER = com.teamtreehouse.FunFacts;
				PRODUCT_NAME = "$(TARGET_NAME)";
			};
			name = Debug;
		};
		C054A37F1CDCFBF3006145A1 /* Release */ = {
			isa = XCBuildConfiguration;
			buildSettings = {
				ASSETCATALOG_COMPILER_APPICON_NAME = AppIcon;
				INFOPLIST_FILE = FunFacts/Info.plist;
				LD_RUNPATH_SEARCH_PATHS = "$(inherited) @executable_path/Frameworks";
				PRODUCT_BUNDLE_IDENTIFIER = com.teamtreehouse.FunFacts;
				PRODUCT_NAME = "$(TARGET_NAME)";
			};
			name = Release;
		};
/* End XCBuildConfiguration section */

/* Begin XCConfigurationList section */
		C054A3661CDCFBF3006145A1 /* Build configuration list for PBXProject "FunFacts" */ = {
			isa = XCConfigurationList;
			buildConfigurations = (
				C054A37B1CDCFBF3006145A1 /* Debug */,
				C054A37C1CDCFBF3006145A1 /* Release */,
			);
			defaultConfigurationIsVisible = 0;
			defaultConfigurationName = Release;
		};
		C054A37D1CDCFBF3006145A1 /* Build configuration list for PBXNativeTarget "FunFacts" */ = {
			isa = XCConfigurationList;
			buildConfigurations = (
				C054A37E1CDCFBF3006145A1 /* Debug */,
				C054A37F1CDCFBF3006145A1 /* Release */,
			);
			defaultConfigurationIsVisible = 0;
		};
/* End XCConfigurationList section */
	};
	rootObject = C054A3631CDCFBF3006145A1 /* Project object */;
}
